// !$*UTF8*$!
{
	archiveVersion = 1;
	classes = {
	};
	objectVersion = 46;
	objects = {

/* Begin PBXBuildFile section */
		82FB77E51C3D114E0021BD8A /* main.m in Sources */ = {isa = PBXBuildFile; fileRef = 82FB77E41C3D114E0021BD8A /* main.m */; };
		82FB77E81C3D114E0021BD8A /* AppDelegate.m in Sources */ = {isa = PBXBuildFile; fileRef = 82FB77E71C3D114E0021BD8A /* AppDelegate.m */; };
		82FB77EB1C3D114E0021BD8A /* ViewController.m in Sources */ = {isa = PBXBuildFile; fileRef = 82FB77EA1C3D114E0021BD8A /* ViewController.m */; };
		82FB77EE1C3D114E0021BD8A /* Main.storyboard in Resources */ = {isa = PBXBuildFile; fileRef = 82FB77EC1C3D114E0021BD8A /* Main.storyboard */; };
		82FB77F11C3D114E0021BD8A /* PushApp.xcdatamodeld in Sources */ = {isa = PBXBuildFile; fileRef = 82FB77EF1C3D114E0021BD8A /* PushApp.xcdatamodeld */; };
		82FB77F31C3D114E0021BD8A /* Assets.xcassets in Resources */ = {isa = PBXBuildFile; fileRef = 82FB77F21C3D114E0021BD8A /* Assets.xcassets */; };
		82FB77F61C3D114E0021BD8A /* LaunchScreen.storyboard in Resources */ = {isa = PBXBuildFile; fileRef = 82FB77F41C3D114E0021BD8A /* LaunchScreen.storyboard */; };
		82FB78011C3D114E0021BD8A /* PushAppTests.m in Sources */ = {isa = PBXBuildFile; fileRef = 82FB78001C3D114E0021BD8A /* PushAppTests.m */; };
/* End PBXBuildFile section */

/* Begin PBXContainerItemProxy section */
		82FB77FD1C3D114E0021BD8A /* PBXContainerItemProxy */ = {
			isa = PBXContainerItemProxy;
			containerPortal = 82FB77D81C3D114D0021BD8A /* Project object */;
			proxyType = 1;
			remoteGlobalIDString = 82FB77DF1C3D114D0021BD8A;
			remoteInfo = PushApp;
		};
/* End PBXContainerItemProxy section */

/* Begin PBXFileReference section */
		82FB77E01C3D114D0021BD8A /* PushApp.app */ = {isa = PBXFileReference; explicitFileType = wrapper.application; includeInIndex = 0; path = PushApp.app; sourceTree = BUILT_PRODUCTS_DIR; };
		82FB77E41C3D114E0021BD8A /* main.m */ = {isa = PBXFileReference; lastKnownFileType = sourcecode.c.objc; path = main.m; sourceTree = "<group>"; };
		82FB77E61C3D114E0021BD8A /* AppDelegate.h */ = {isa = PBXFileReference; lastKnownFileType = sourcecode.c.h; path = AppDelegate.h; sourceTree = "<group>"; };
		82FB77E71C3D114E0021BD8A /* AppDelegate.m */ = {isa = PBXFileReference; lastKnownFileType = sourcecode.c.objc; path = AppDelegate.m; sourceTree = "<group>"; };
		82FB77E91C3D114E0021BD8A /* ViewController.h */ = {isa = PBXFileReference; lastKnownFileType = sourcecode.c.h; path = ViewController.h; sourceTree = "<group>"; };
		82FB77EA1C3D114E0021BD8A /* ViewController.m */ = {isa = PBXFileReference; lastKnownFileType = sourcecode.c.objc; path = ViewController.m; sourceTree = "<group>"; };
		82FB77ED1C3D114E0021BD8A /* Base */ = {isa = PBXFileReference; lastKnownFileType = file.storyboard; name = Base; path = Base.lproj/Main.storyboard; sourceTree = "<group>"; };
		82FB77F01C3D114E0021BD8A /* PushApp.xcdatamodel */ = {isa = PBXFileReference; lastKnownFileType = wrapper.xcdatamodel; path = PushApp.xcdatamodel; sourceTree = "<group>"; };
		82FB77F21C3D114E0021BD8A /* Assets.xcassets */ = {isa = PBXFileReference; lastKnownFileType = folder.assetcatalog; path = Assets.xcassets; sourceTree = "<group>"; };
		82FB77F51C3D114E0021BD8A /* Base */ = {isa = PBXFileReference; lastKnownFileType = file.storyboard; name = Base; path = Base.lproj/LaunchScreen.storyboard; sourceTree = "<group>"; };
		82FB77F71C3D114E0021BD8A /* Info.plist */ = {isa = PBXFileReference; lastKnownFileType = text.plist.xml; path = Info.plist; sourceTree = "<group>"; };
		82FB77FC1C3D114E0021BD8A /* PushAppTests.xctest */ = {isa = PBXFileReference; explicitFileType = wrapper.cfbundle; includeInIndex = 0; path = PushAppTests.xctest; sourceTree = BUILT_PRODUCTS_DIR; };
		82FB78001C3D114E0021BD8A /* PushAppTests.m */ = {isa = PBXFileReference; lastKnownFileType = sourcecode.c.objc; path = PushAppTests.m; sourceTree = "<group>"; };
		82FB78021C3D114E0021BD8A /* Info.plist */ = {isa = PBXFileReference; lastKnownFileType = text.plist.xml; path = Info.plist; sourceTree = "<group>"; };
/* End PBXFileReference section */

/* Begin PBXFrameworksBuildPhase section */
		82FB77DD1C3D114D0021BD8A /* Frameworks */ = {
			isa = PBXFrameworksBuildPhase;
			buildActionMask = 2147483647;
			files = (
			);
			runOnlyForDeploymentPostprocessing = 0;
		};
		82FB77F91C3D114E0021BD8A /* Frameworks */ = {
			isa = PBXFrameworksBuildPhase;
			buildActionMask = 2147483647;
			files = (
			);
			runOnlyForDeploymentPostprocessing = 0;
		};
/* End PBXFrameworksBuildPhase section */

/* Begin PBXGroup section */
		82FB77D71C3D114D0021BD8A = {
			isa = PBXGroup;
			children = (
				82FB77E21C3D114D0021BD8A /* PushApp */,
				82FB77FF1C3D114E0021BD8A /* PushAppTests */,
				82FB77E11C3D114D0021BD8A /* Products */,
			);
			sourceTree = "<group>";
		};
		82FB77E11C3D114D0021BD8A /* Products */ = {
			isa = PBXGroup;
			children = (
				82FB77E01C3D114D0021BD8A /* PushApp.app */,
				82FB77FC1C3D114E0021BD8A /* PushAppTests.xctest */,
			);
			name = Products;
			sourceTree = "<group>";
		};
		82FB77E21C3D114D0021BD8A /* PushApp */ = {
			isa = PBXGroup;
			children = (
				82FB77E61C3D114E0021BD8A /* AppDelegate.h */,
				82FB77E71C3D114E0021BD8A /* AppDelegate.m */,
				82FB77E91C3D114E0021BD8A /* ViewController.h */,
				82FB77EA1C3D114E0021BD8A /* ViewController.m */,
				82FB77EC1C3D114E0021BD8A /* Main.storyboard */,
				82FB77F21C3D114E0021BD8A /* Assets.xcassets */,
				82FB77F41C3D114E0021BD8A /* LaunchScreen.storyboard */,
				82FB77F71C3D114E0021BD8A /* Info.plist */,
				82FB77EF1C3D114E0021BD8A /* PushApp.xcdatamodeld */,
				82FB77E31C3D114E0021BD8A /* Supporting Files */,
			);
			path = PushApp;
			sourceTree = "<group>";
		};
		82FB77E31C3D114E0021BD8A /* Supporting Files */ = {
			isa = PBXGroup;
			children = (
				82FB77E41C3D114E0021BD8A /* main.m */,
			);
			name = "Supporting Files";
			sourceTree = "<group>";
		};
		82FB77FF1C3D114E0021BD8A /* PushAppTests */ = {
			isa = PBXGroup;
			children = (
				82FB78001C3D114E0021BD8A /* PushAppTests.m */,
				82FB78021C3D114E0021BD8A /* Info.plist */,
			);
			path = PushAppTests;
			sourceTree = "<group>";
		};
/* End PBXGroup section */

/* Begin PBXNativeTarget section */
		82FB77DF1C3D114D0021BD8A /* PushApp */ = {
			isa = PBXNativeTarget;
			buildConfigurationList = 82FB78051C3D114E0021BD8A /* Build configuration list for PBXNativeTarget "PushApp" */;
			buildPhases = (
				82FB77DC1C3D114D0021BD8A /* Sources */,
				82FB77DD1C3D114D0021BD8A /* Frameworks */,
				82FB77DE1C3D114D0021BD8A /* Resources */,
			);
			buildRules = (
			);
			dependencies = (
			);
			name = PushApp;
			productName = PushApp;
			productReference = 82FB77E01C3D114D0021BD8A /* PushApp.app */;
			productType = "com.apple.product-type.application";
		};
		82FB77FB1C3D114E0021BD8A /* PushAppTests */ = {
			isa = PBXNativeTarget;
			buildConfigurationList = 82FB78081C3D114E0021BD8A /* Build configuration list for PBXNativeTarget "PushAppTests" */;
			buildPhases = (
				82FB77F81C3D114E0021BD8A /* Sources */,
				82FB77F91C3D114E0021BD8A /* Frameworks */,
				82FB77FA1C3D114E0021BD8A /* Resources */,
			);
			buildRules = (
			);
			dependencies = (
				82FB77FE1C3D114E0021BD8A /* PBXTargetDependency */,
			);
			name = PushAppTests;
			productName = PushAppTests;
			productReference = 82FB77FC1C3D114E0021BD8A /* PushAppTests.xctest */;
			productType = "com.apple.product-type.bundle.unit-test";
		};
/* End PBXNativeTarget section */

/* Begin PBXProject section */
		82FB77D81C3D114D0021BD8A /* Project object */ = {
			isa = PBXProject;
			attributes = {
				LastUpgradeCheck = 0720;
				ORGANIZATIONNAME = "SSL Wireless";
				TargetAttributes = {
					82FB77DF1C3D114D0021BD8A = {
						CreatedOnToolsVersion = 7.2;
						DevelopmentTeam = 4AXQJVKA8H;
					};
					82FB77FB1C3D114E0021BD8A = {
						CreatedOnToolsVersion = 7.2;
						TestTargetID = 82FB77DF1C3D114D0021BD8A;
					};
				};
			};
			buildConfigurationList = 82FB77DB1C3D114D0021BD8A /* Build configuration list for PBXProject "PushApp" */;
			compatibilityVersion = "Xcode 3.2";
			developmentRegion = English;
			hasScannedForEncodings = 0;
			knownRegions = (
				en,
				Base,
			);
			mainGroup = 82FB77D71C3D114D0021BD8A;
			productRefGroup = 82FB77E11C3D114D0021BD8A /* Products */;
			projectDirPath = "";
			projectRoot = "";
			targets = (
				82FB77DF1C3D114D0021BD8A /* PushApp */,
				82FB77FB1C3D114E0021BD8A /* PushAppTests */,
			);
		};
/* End PBXProject section */

/* Begin PBXResourcesBuildPhase section */
		82FB77DE1C3D114D0021BD8A /* Resources */ = {
			isa = PBXResourcesBuildPhase;
			buildActionMask = 2147483647;
			files = (
				82FB77F61C3D114E0021BD8A /* LaunchScreen.storyboard in Resources */,
				82FB77F31C3D114E0021BD8A /* Assets.xcassets in Resources */,
				82FB77EE1C3D114E0021BD8A /* Main.storyboard in Resources */,
			);
			runOnlyForDeploymentPostprocessing = 0;
		};
		82FB77FA1C3D114E0021BD8A /* Resources */ = {
			isa = PBXResourcesBuildPhase;
			buildActionMask = 2147483647;
			files = (
			);
			runOnlyForDeploymentPostprocessing = 0;
		};
/* End PBXResourcesBuildPhase section */

/* Begin PBXSourcesBuildPhase section */
		82FB77DC1C3D114D0021BD8A /* Sources */ = {
			isa = PBXSourcesBuildPhase;
			buildActionMask = 2147483647;
			files = (
				82FB77EB1C3D114E0021BD8A /* ViewController.m in Sources */,
				82FB77F11C3D114E0021BD8A /* PushApp.xcdatamodeld in Sources */,
				82FB77E81C3D114E0021BD8A /* AppDelegate.m in Sources */,
				82FB77E51C3D114E0021BD8A /* main.m in Sources */,
			);
			runOnlyForDeploymentPostprocessing = 0;
		};
		82FB77F81C3D114E0021BD8A /* Sources */ = {
			isa = PBXSourcesBuildPhase;
			buildActionMask = 2147483647;
			files = (
				82FB78011C3D114E0021BD8A /* PushAppTests.m in Sources */,
			);
			runOnlyForDeploymentPostprocessing = 0;
		};
/* End PBXSourcesBuildPhase section */

/* Begin PBXTargetDependency section */
		82FB77FE1C3D114E0021BD8A /* PBXTargetDependency */ = {
			isa = PBXTargetDependency;
			target = 82FB77DF1C3D114D0021BD8A /* PushApp */;
			targetProxy = 82FB77FD1C3D114E0021BD8A /* PBXContainerItemProxy */;
		};
/* End PBXTargetDependency section */

/* Begin PBXVariantGroup section */
		82FB77EC1C3D114E0021BD8A /* Main.storyboard */ = {
			isa = PBXVariantGroup;
			children = (
				82FB77ED1C3D114E0021BD8A /* Base */,
			);
			name = Main.storyboard;
			sourceTree = "<group>";
		};
		82FB77F41C3D114E0021BD8A /* LaunchScreen.storyboard */ = {
			isa = PBXVariantGroup;
			children = (
				82FB77F51C3D114E0021BD8A /* Base */,
			);
			name = LaunchScreen.storyboard;
			sourceTree = "<group>";
		};
/* End PBXVariantGroup section */

/* Begin XCBuildConfiguration section */
		82FB78031C3D114E0021BD8A /* Debug */ = {
			isa = XCBuildConfiguration;
			buildSettings = {
				ALWAYS_SEARCH_USER_PATHS = NO;
				CLANG_CXX_LANGUAGE_STANDARD = "gnu++0x";
				CLANG_CXX_LIBRARY = "libc++";
				CLANG_ENABLE_MODULES = YES;
				CLANG_ENABLE_OBJC_ARC = YES;
				CLANG_WARN_BOOL_CONVERSION = YES;
				CLANG_WARN_CONSTANT_CONVERSION = YES;
				CLANG_WARN_DIRECT_OBJC_ISA_USAGE = YES_ERROR;
				CLANG_WARN_EMPTY_BODY = YES;
				CLANG_WARN_ENUM_CONVERSION = YES;
				CLANG_WARN_INT_CONVERSION = YES;
				CLANG_WARN_OBJC_ROOT_CLASS = YES_ERROR;
				CLANG_WARN_UNREACHABLE_CODE = YES;
				CLANG_WARN__DUPLICATE_METHOD_MATCH = YES;
				"CODE_SIGN_IDENTITY[sdk=iphoneos*]" = "iPhone Developer";
				COPY_PHASE_STRIP = NO;
				DEBUG_INFORMATION_FORMAT = dwarf;
				ENABLE_STRICT_OBJC_MSGSEND = YES;
				ENABLE_TESTABILITY = YES;
				GCC_C_LANGUAGE_STANDARD = gnu99;
				GCC_DYNAMIC_NO_PIC = NO;
				GCC_NO_COMMON_BLOCKS = YES;
				GCC_OPTIMIZATION_LEVEL = 0;
				GCC_PREPROCESSOR_DEFINITIONS = (
					"DEBUG=1",
					"$(inherited)",
				);
				GCC_WARN_64_TO_32_BIT_CONVERSION = YES;
				GCC_WARN_ABOUT_RETURN_TYPE = YES_ERROR;
				GCC_WARN_UNDECLARED_SELECTOR = YES;
				GCC_WARN_UNINITIALIZED_AUTOS = YES_AGGRESSIVE;
				GCC_WARN_UNUSED_FUNCTION = YES;
				GCC_WARN_UNUSED_VARIABLE = YES;
				IPHONEOS_DEPLOYMENT_TARGET = 9.2;
				MTL_ENABLE_DEBUG_INFO = YES;
				ONLY_ACTIVE_ARCH = YES;
				SDKROOT = iphoneos;
			};
			name = Debug;
		};
		82FB78041C3D114E0021BD8A /* Release */ = {
			isa = XCBuildConfiguration;
			buildSettings = {
				ALWAYS_SEARCH_USER_PATHS = NO;
				CLANG_CXX_LANGUAGE_STANDARD = "gnu++0x";
				CLANG_CXX_LIBRARY = "libc++";
				CLANG_ENABLE_MODULES = YES;
				CLANG_ENABLE_OBJC_ARC = YES;
				CLANG_WARN_BOOL_CONVERSION = YES;
				CLANG_WARN_CONSTANT_CONVERSION = YES;
				CLANG_WARN_DIRECT_OBJC_ISA_USAGE = YES_ERROR;
				CLANG_WARN_EMPTY_BODY = YES;
				CLANG_WARN_ENUM_CONVERSION = YES;
				CLANG_WARN_INT_CONVERSION = YES;
				CLANG_WARN_OBJC_ROOT_CLASS = YES_ERROR;
				CLANG_WARN_UNREACHABLE_CODE = YES;
				CLANG_WARN__DUPLICATE_METHOD_MATCH = YES;
				"CODE_SIGN_IDENTITY[sdk=iphoneos*]" = "iPhone Developer";
				COPY_PHASE_STRIP = NO;
				DEBUG_INFORMATION_FORMAT = "dwarf-with-dsym";
				ENABLE_NS_ASSERTIONS = NO;
				ENABLE_STRICT_OBJC_MSGSEND = YES;
				GCC_C_LANGUAGE_STANDARD = gnu99;
				GCC_NO_COMMON_BLOCKS = YES;
				GCC_WARN_64_TO_32_BIT_CONVERSION = YES;
				GCC_WARN_ABOUT_RETURN_TYPE = YES_ERROR;
				GCC_WARN_UNDECLARED_SELECTOR = YES;
				GCC_WARN_UNINITIALIZED_AUTOS = YES_AGGRESSIVE;
				GCC_WARN_UNUSED_FUNCTION = YES;
				GCC_WARN_UNUSED_VARIABLE = YES;
				IPHONEOS_DEPLOYMENT_TARGET = 9.2;
				MTL_ENABLE_DEBUG_INFO = NO;
				SDKROOT = iphoneos;
				VALIDATE_PRODUCT = YES;
			};
			name = Release;
		};
		82FB78061C3D114E0021BD8A /* Debug */ = {
			isa = XCBuildConfiguration;
			buildSettings = {
				ASSETCATALOG_COMPILER_APPICON_NAME = AppIcon;
				CODE_SIGN_IDENTITY = "iPhone Developer";
				"CODE_SIGN_IDENTITY[sdk=iphoneos*]" = "iPhone Developer";
				INFOPLIST_FILE = PushApp/Info.plist;
				LD_RUNPATH_SEARCH_PATHS = "$(inherited) @executable_path/Frameworks";
				PRODUCT_BUNDLE_IDENTIFIER = com.sslwireless.PushApp;
				PRODUCT_NAME = "$(TARGET_NAME)";
				PROVISIONING_PROFILE = "";
			};
			name = Debug;
		};
		82FB78071C3D114E0021BD8A /* Release */ = {
			isa = XCBuildConfiguration;
			buildSettings = {
				ASSETCATALOG_COMPILER_APPICON_NAME = AppIcon;
				CODE_SIGN_IDENTITY = "iPhone Developer";
				"CODE_SIGN_IDENTITY[sdk=iphoneos*]" = "iPhone Developer";
				INFOPLIST_FILE = PushApp/Info.plist;
				LD_RUNPATH_SEARCH_PATHS = "$(inherited) @executable_path/Frameworks";
				PRODUCT_BUNDLE_IDENTIFIER = com.sslwireless.PushApp;
				PRODUCT_NAME = "$(TARGET_NAME)";
				PROVISIONING_PROFILE = "";
			};
			name = Release;
		};
		82FB78091C3D114E0021BD8A /* Debug */ = {
			isa = XCBuildConfiguration;
			buildSettings = {
				BUNDLE_LOADER = "$(TEST_HOST)";
				INFOPLIST_FILE = PushAppTests/Info.plist;
				LD_RUNPATH_SEARCH_PATHS = "$(inherited) @executable_path/Frameworks @loader_path/Frameworks";
				PRODUCT_BUNDLE_IDENTIFIER = com.sslwireless.PushApp.PushAppTests;
				PRODUCT_NAME = "$(TARGET_NAME)";
				TEST_HOST = "$(BUILT_PRODUCTS_DIR)/PushApp.app/PushApp";
			};
			name = Debug;
		};
		82FB780A1C3D114E0021BD8A /* Release */ = {
			isa = XCBuildConfiguration;
			buildSettings = {
				BUNDLE_LOADER = "$(TEST_HOST)";
				INFOPLIST_FILE = PushAppTests/Info.plist;
				LD_RUNPATH_SEARCH_PATHS = "$(inherited) @executable_path/Frameworks @loader_path/Frameworks";
				PRODUCT_BUNDLE_IDENTIFIER = com.sslwireless.PushApp.PushAppTests;
				PRODUCT_NAME = "$(TARGET_NAME)";
				TEST_HOST = "$(BUILT_PRODUCTS_DIR)/PushApp.app/PushApp";
			};
			name = Release;
		};
/* End XCBuildConfiguration section */

/* Begin XCConfigurationList section */
		82FB77DB1C3D114D0021BD8A /* Build configuration list for PBXProject "PushApp" */ = {
			isa = XCConfigurationList;
			buildConfigurations = (
				82FB78031C3D114E0021BD8A /* Debug */,
				82FB78041C3D114E0021BD8A /* Release */,
			);
			defaultConfigurationIsVisible = 0;
			defaultConfigurationName = Release;
		};
		82FB78051C3D114E0021BD8A /* Build configuration list for PBXNativeTarget "PushApp" */ = {
			isa = XCConfigurationList;
			buildConfigurations = (
				82FB78061C3D114E0021BD8A /* Debug */,
				82FB78071C3D114E0021BD8A /* Release */,
			);
			defaultConfigurationIsVisible = 0;
		};
		82FB78081C3D114E0021BD8A /* Build configuration list for PBXNativeTarget "PushAppTests" */ = {
			isa = XCConfigurationList;
			buildConfigurations = (
				82FB78091C3D114E0021BD8A /* Debug */,
				82FB780A1C3D114E0021BD8A /* Release */,
			);
			defaultConfigurationIsVisible = 0;
		};
/* End XCConfigurationList section */

/* Begin XCVersionGroup section */
		82FB77EF1C3D114E0021BD8A /* PushApp.xcdatamodeld */ = {
			isa = XCVersionGroup;
			children = (
				82FB77F01C3D114E0021BD8A /* PushApp.xcdatamodel */,
			);
			currentVersion = 82FB77F01C3D114E0021BD8A /* PushApp.xcdatamodel */;
			path = PushApp.xcdatamodeld;
			sourceTree = "<group>";
			versionGroupType = wrapper.xcdatamodel;
		};
/* End XCVersionGroup section */
	};
	rootObject = 82FB77D81C3D114D0021BD8A /* Project object */;
}
